// !$*UTF8*$!
{
	archiveVersion = 1;
	classes = {
	};
	objectVersion = 48;
	objects = {

/* Begin PBXBuildFile section */
		081D32A31F503D4100C6B81A /* SongController.swift in Sources */ = {isa = PBXBuildFile; fileRef = 081D32A21F503D4100C6B81A /* SongController.swift */; };
		081D32A51F52B42400C6B81A /* SongTableViewController.swift in Sources */ = {isa = PBXBuildFile; fileRef = 081D32A41F52B42400C6B81A /* SongTableViewController.swift */; };
		08B15F631F4F0B5000659AE7 /* AppDelegate.swift in Sources */ = {isa = PBXBuildFile; fileRef = 08B15F621F4F0B5000659AE7 /* AppDelegate.swift */; };
		08B15F651F4F0B5000659AE7 /* ViewController.swift in Sources */ = {isa = PBXBuildFile; fileRef = 08B15F641F4F0B5000659AE7 /* ViewController.swift */; };
		08B15F681F4F0B5000659AE7 /* Main.storyboard in Resources */ = {isa = PBXBuildFile; fileRef = 08B15F661F4F0B5000659AE7 /* Main.storyboard */; };
		08B15F6A1F4F0B5000659AE7 /* Assets.xcassets in Resources */ = {isa = PBXBuildFile; fileRef = 08B15F691F4F0B5000659AE7 /* Assets.xcassets */; };
		08B15F6D1F4F0B5000659AE7 /* LaunchScreen.storyboard in Resources */ = {isa = PBXBuildFile; fileRef = 08B15F6B1F4F0B5000659AE7 /* LaunchScreen.storyboard */; };
		08B15F751F50398800659AE7 /* SongResults.swift in Sources */ = {isa = PBXBuildFile; fileRef = 08B15F741F50398800659AE7 /* SongResults.swift */; };
/* End PBXBuildFile section */

/* Begin PBXFileReference section */
		081D32A21F503D4100C6B81A /* SongController.swift */ = {isa = PBXFileReference; lastKnownFileType = sourcecode.swift; path = SongController.swift; sourceTree = "<group>"; };
		081D32A41F52B42400C6B81A /* SongTableViewController.swift */ = {isa = PBXFileReference; lastKnownFileType = sourcecode.swift; path = SongTableViewController.swift; sourceTree = "<group>"; };
		08B15F5F1F4F0B5000659AE7 /* itunesSong.app */ = {isa = PBXFileReference; explicitFileType = wrapper.application; includeInIndex = 0; path = itunesSong.app; sourceTree = BUILT_PRODUCTS_DIR; };
		08B15F621F4F0B5000659AE7 /* AppDelegate.swift */ = {isa = PBXFileReference; lastKnownFileType = sourcecode.swift; path = AppDelegate.swift; sourceTree = "<group>"; };
		08B15F641F4F0B5000659AE7 /* ViewController.swift */ = {isa = PBXFileReference; lastKnownFileType = sourcecode.swift; path = ViewController.swift; sourceTree = "<group>"; };
		08B15F671F4F0B5000659AE7 /* Base */ = {isa = PBXFileReference; lastKnownFileType = file.storyboard; name = Base; path = Base.lproj/Main.storyboard; sourceTree = "<group>"; };
		08B15F691F4F0B5000659AE7 /* Assets.xcassets */ = {isa = PBXFileReference; lastKnownFileType = folder.assetcatalog; path = Assets.xcassets; sourceTree = "<group>"; };
		08B15F6C1F4F0B5000659AE7 /* Base */ = {isa = PBXFileReference; lastKnownFileType = file.storyboard; name = Base; path = Base.lproj/LaunchScreen.storyboard; sourceTree = "<group>"; };
		08B15F6E1F4F0B5000659AE7 /* Info.plist */ = {isa = PBXFileReference; lastKnownFileType = text.plist.xml; path = Info.plist; sourceTree = "<group>"; };
		08B15F741F50398800659AE7 /* SongResults.swift */ = {isa = PBXFileReference; lastKnownFileType = sourcecode.swift; path = SongResults.swift; sourceTree = "<group>"; };
/* End PBXFileReference section */

/* Begin PBXFrameworksBuildPhase section */
		08B15F5C1F4F0B5000659AE7 /* Frameworks */ = {
			isa = PBXFrameworksBuildPhase;
			buildActionMask = 2147483647;
			files = (
			);
			runOnlyForDeploymentPostprocessing = 0;
		};
/* End PBXFrameworksBuildPhase section */

/* Begin PBXGroup section */
		08B15F561F4F0B5000659AE7 = {
			isa = PBXGroup;
			children = (
				08B15F611F4F0B5000659AE7 /* itunesSong */,
				08B15F601F4F0B5000659AE7 /* Products */,
			);
			sourceTree = "<group>";
		};
		08B15F601F4F0B5000659AE7 /* Products */ = {
			isa = PBXGroup;
			children = (
				08B15F5F1F4F0B5000659AE7 /* itunesSong.app */,
			);
			name = Products;
			sourceTree = "<group>";
		};
		08B15F611F4F0B5000659AE7 /* itunesSong */ = {
			isa = PBXGroup;
			children = (
				08B15F621F4F0B5000659AE7 /* AppDelegate.swift */,
				08B15F641F4F0B5000659AE7 /* ViewController.swift */,
				08B15F661F4F0B5000659AE7 /* Main.storyboard */,
				08B15F741F50398800659AE7 /* SongResults.swift */,
				081D32A21F503D4100C6B81A /* SongController.swift */,
				081D32A41F52B42400C6B81A /* SongTableViewController.swift */,
				08B15F691F4F0B5000659AE7 /* Assets.xcassets */,
				08B15F6B1F4F0B5000659AE7 /* LaunchScreen.storyboard */,
				08B15F6E1F4F0B5000659AE7 /* Info.plist */,
			);
			path = itunesSong;
			sourceTree = "<group>";
		};
/* End PBXGroup section */

/* Begin PBXNativeTarget section */
		08B15F5E1F4F0B5000659AE7 /* itunesSong */ = {
			isa = PBXNativeTarget;
			buildConfigurationList = 08B15F711F4F0B5000659AE7 /* Build configuration list for PBXNativeTarget "itunesSong" */;
			buildPhases = (
				08B15F5B1F4F0B5000659AE7 /* Sources */,
				08B15F5C1F4F0B5000659AE7 /* Frameworks */,
				08B15F5D1F4F0B5000659AE7 /* Resources */,
			);
			buildRules = (
			);
			dependencies = (
			);
			name = itunesSong;
			productName = itunesSong;
			productReference = 08B15F5F1F4F0B5000659AE7 /* itunesSong.app */;
			productType = "com.apple.product-type.application";
		};
/* End PBXNativeTarget section */

/* Begin PBXProject section */
		08B15F571F4F0B5000659AE7 /* Project object */ = {
			isa = PBXProject;
			attributes = {
				LastSwiftUpdateCheck = 0900;
				LastUpgradeCheck = 0900;
				ORGANIZATIONNAME = Lynne;
				TargetAttributes = {
					08B15F5E1F4F0B5000659AE7 = {
						CreatedOnToolsVersion = 9.0;
					};
				};
			};
			buildConfigurationList = 08B15F5A1F4F0B5000659AE7 /* Build configuration list for PBXProject "itunesSong" */;
			compatibilityVersion = "Xcode 8.0";
			developmentRegion = en;
			hasScannedForEncodings = 0;
			knownRegions = (
				en,
				Base,
			);
			mainGroup = 08B15F561F4F0B5000659AE7;
			productRefGroup = 08B15F601F4F0B5000659AE7 /* Products */;
			projectDirPath = "";
			projectRoot = "";
			targets = (
				08B15F5E1F4F0B5000659AE7 /* itunesSong */,
			);
		};
/* End PBXProject section */

/* Begin PBXResourcesBuildPhase section */
		08B15F5D1F4F0B5000659AE7 /* Resources */ = {
			isa = PBXResourcesBuildPhase;
			buildActionMask = 2147483647;
			files = (
				08B15F6D1F4F0B5000659AE7 /* LaunchScreen.storyboard in Resources */,
				08B15F6A1F4F0B5000659AE7 /* Assets.xcassets in Resources */,
				08B15F681F4F0B5000659AE7 /* Main.storyboard in Resources */,
			);
			runOnlyForDeploymentPostprocessing = 0;
		};
/* End PBXResourcesBuildPhase section */

/* Begin PBXSourcesBuildPhase section */
		08B15F5B1F4F0B5000659AE7 /* Sources */ = {
			isa = PBXSourcesBuildPhase;
			buildActionMask = 2147483647;
			files = (
				081D32A51F52B42400C6B81A /* SongTableViewController.swift in Sources */,
				08B15F651F4F0B5000659AE7 /* ViewController.swift in Sources */,
				08B15F751F50398800659AE7 /* SongResults.swift in Sources */,
				081D32A31F503D4100C6B81A /* SongController.swift in Sources */,
				08B15F631F4F0B5000659AE7 /* AppDelegate.swift in Sources */,
			);
			runOnlyForDeploymentPostprocessing = 0;
		};
/* End PBXSourcesBuildPhase section */

/* Begin PBXVariantGroup section */
		08B15F661F4F0B5000659AE7 /* Main.storyboard */ = {
			isa = PBXVariantGroup;
			children = (
				08B15F671F4F0B5000659AE7 /* Base */,
			);
			name = Main.storyboard;
			sourceTree = "<group>";
		};
		08B15F6B1F4F0B5000659AE7 /* LaunchScreen.storyboard */ = {
			isa = PBXVariantGroup;
			children = (
				08B15F6C1F4F0B5000659AE7 /* Base */,
			);
			name = LaunchScreen.storyboard;
			sourceTree = "<group>";
		};
/* End PBXVariantGroup section */

/* Begin XCBuildConfiguration section */
		08B15F6F1F4F0B5000659AE7 /* Debug */ = {
			isa = XCBuildConfiguration;
			buildSettings = {
				ALWAYS_SEARCH_USER_PATHS = NO;
				CLANG_ANALYZER_NONNULL = YES;
				CLANG_ANALYZER_NUMBER_OBJECT_CONVERSION = YES_AGGRESSIVE;
				CLANG_CXX_LANGUAGE_STANDARD = "gnu++14";
				CLANG_CXX_LIBRARY = "libc++";
				CLANG_ENABLE_MODULES = YES;
				CLANG_ENABLE_OBJC_ARC = YES;
				CLANG_WARN_BLOCK_CAPTURE_AUTORELEASING = YES;
				CLANG_WARN_BOOL_CONVERSION = YES;
				CLANG_WARN_COMMA = YES;
				CLANG_WARN_CONSTANT_CONVERSION = YES;
				CLANG_WARN_DIRECT_OBJC_ISA_USAGE = YES_ERROR;
				CLANG_WARN_DOCUMENTATION_COMMENTS = YES;
				CLANG_WARN_EMPTY_BODY = YES;
				CLANG_WARN_ENUM_CONVERSION = YES;
				CLANG_WARN_INFINITE_RECURSION = YES;
				CLANG_WARN_INT_CONVERSION = YES;
				CLANG_WARN_NON_LITERAL_NULL_CONVERSION = YES;
				CLANG_WARN_OBJC_LITERAL_CONVERSION = YES;
				CLANG_WARN_OBJC_ROOT_CLASS = YES_ERROR;
				CLANG_WARN_RANGE_LOOP_ANALYSIS = YES;
				CLANG_WARN_STRICT_PROTOTYPES = YES;
				CLANG_WARN_SUSPICIOUS_MOVE = YES;
				CLANG_WARN_UNGUARDED_AVAILABILITY = YES_AGGRESSIVE;
				CLANG_WARN_UNREACHABLE_CODE = YES;
				CLANG_WARN__DUPLICATE_METHOD_MATCH = YES;
				CODE_SIGN_IDENTITY = "iPhone Developer";
				COPY_PHASE_STRIP = NO;
				DEBUG_INFORMATION_FORMAT = dwarf;
				ENABLE_STRICT_OBJC_MSGSEND = YES;
				ENABLE_TESTABILITY = YES;
				GCC_C_LANGUAGE_STANDARD = gnu11;
				GCC_DYNAMIC_NO_PIC = NO;
				GCC_NO_COMMON_BLOCKS = YES;
				GCC_OPTIMIZATION_LEVEL = 0;
				GCC_PREPROCESSOR_DEFINITIONS = (
					"DEBUG=1",
					"$(inherited)",
				);
				GCC_WARN_64_TO_32_BIT_CONVERSION = YES;
				GCC_WARN_ABOUT_RETURN_TYPE = YES_ERROR;
				GCC_WARN_UNDECLARED_SELECTOR = YES;
				GCC_WARN_UNINITIALIZED_AUTOS = YES_AGGRESSIVE;
				GCC_WARN_UNUSED_FUNCTION = YES;
				GCC_WARN_UNUSED_VARIABLE = YES;
				IPHONEOS_DEPLOYMENT_TARGET = 11.0;
				MTL_ENABLE_DEBUG_INFO = YES;
				ONLY_ACTIVE_ARCH = YES;
				SDKROOT = iphoneos;
				SWIFT_ACTIVE_COMPILATION_CONDITIONS = DEBUG;
				SWIFT_OPTIMIZATION_LEVEL = "-Onone";
			};
			name = Debug;
		};
		08B15F701F4F0B5000659AE7 /* Release */ = {
			isa = XCBuildConfiguration;
			buildSettings = {
				ALWAYS_SEARCH_USER_PATHS = NO;
				CLANG_ANALYZER_NONNULL = YES;
				CLANG_ANALYZER_NUMBER_OBJECT_CONVERSION = YES_AGGRESSIVE;
				CLANG_CXX_LANGUAGE_STANDARD = "gnu++14";
				CLANG_CXX_LIBRARY = "libc++";
				CLANG_ENABLE_MODULES = YES;
				CLANG_ENABLE_OBJC_ARC = YES;
				CLANG_WARN_BLOCK_CAPTURE_AUTORELEASING = YES;
				CLANG_WARN_BOOL_CONVERSION = YES;
				CLANG_WARN_COMMA = YES;
				CLANG_WARN_CONSTANT_CONVERSION = YES;
				CLANG_WARN_DIRECT_OBJC_ISA_USAGE = YES_ERROR;
				CLANG_WARN_DOCUMENTATION_COMMENTS = YES;
				CLANG_WARN_EMPTY_BODY = YES;
				CLANG_WARN_ENUM_CONVERSION = YES;
				CLANG_WARN_INFINITE_RECURSION = YES;
				CLANG_WARN_INT_CONVERSION = YES;
				CLANG_WARN_NON_LITERAL_NULL_CONVERSION = YES;
				CLANG_WARN_OBJC_LITERAL_CONVERSION = YES;
				CLANG_WARN_OBJC_ROOT_CLASS = YES_ERROR;
				CLANG_WARN_RANGE_LOOP_ANALYSIS = YES;
				CLANG_WARN_STRICT_PROTOTYPES = YES;
				CLANG_WARN_SUSPICIOUS_MOVE = YES;
				CLANG_WARN_UNGUARDED_AVAILABILITY = YES_AGGRESSIVE;
				CLANG_WARN_UNREACHABLE_CODE = YES;
				CLANG_WARN__DUPLICATE_METHOD_MATCH = YES;
				CODE_SIGN_IDENTITY = "iPhone Developer";
				COPY_PHASE_STRIP = NO;
				DEBUG_INFORMATION_FORMAT = "dwarf-with-dsym";
				ENABLE_NS_ASSERTIONS = NO;
				ENABLE_STRICT_OBJC_MSGSEND = YES;
				GCC_C_LANGUAGE_STANDARD = gnu11;
				GCC_NO_COMMON_BLOCKS = YES;
				GCC_WARN_64_TO_32_BIT_CONVERSION = YES;
				GCC_WARN_ABOUT_RETURN_TYPE = YES_ERROR;
				GCC_WARN_UNDECLARED_SELECTOR = YES;
				GCC_WARN_UNINITIALIZED_AUTOS = YES_AGGRESSIVE;
				GCC_WARN_UNUSED_FUNCTION = YES;
				GCC_WARN_UNUSED_VARIABLE = YES;
				IPHONEOS_DEPLOYMENT_TARGET = 11.0;
				MTL_ENABLE_DEBUG_INFO = NO;
				SDKROOT = iphoneos;
				SWIFT_OPTIMIZATION_LEVEL = "-Owholemodule";
				VALIDATE_PRODUCT = YES;
			};
			name = Release;
		};
		08B15F721F4F0B5000659AE7 /* Debug */ = {
			isa = XCBuildConfiguration;
			buildSettings = {
				ASSETCATALOG_COMPILER_APPICON_NAME = AppIcon;
				DEVELOPMENT_TEAM = GWM23AX48D;
				INFOPLIST_FILE = itunesSong/Info.plist;
				LD_RUNPATH_SEARCH_PATHS = "$(inherited) @executable_path/Frameworks";
				PRODUCT_BUNDLE_IDENTIFIER = LynneTaiwan.0417.itunesSong;
				PRODUCT_NAME = "$(TARGET_NAME)";
				SWIFT_VERSION = 4.0;
				TARGETED_DEVICE_FAMILY = "1,2";
			};
			name = Debug;
		};
		08B15F731F4F0B5000659AE7 /* Release */ = {
			isa = XCBuildConfiguration;
			buildSettings = {
				ASSETCATALOG_COMPILER_APPICON_NAME = AppIcon;
				DEVELOPMENT_TEAM = GWM23AX48D;
				INFOPLIST_FILE = itunesSong/Info.plist;
				LD_RUNPATH_SEARCH_PATHS = "$(inherited) @executable_path/Frameworks";
				PRODUCT_BUNDLE_IDENTIFIER = LynneTaiwan.0417.itunesSong;
				PRODUCT_NAME = "$(TARGET_NAME)";
				SWIFT_VERSION = 4.0;
				TARGETED_DEVICE_FAMILY = "1,2";
			};
			name = Release;
		};
/* End XCBuildConfiguration section */

/* Begin XCConfigurationList section */
		08B15F5A1F4F0B5000659AE7 /* Build configuration list for PBXProject "itunesSong" */ = {
			isa = XCConfigurationList;
			buildConfigurations = (
				08B15F6F1F4F0B5000659AE7 /* Debug */,
				08B15F701F4F0B5000659AE7 /* Release */,
			);
			defaultConfigurationIsVisible = 0;
			defaultConfigurationName = Release;
		};
		08B15F711F4F0B5000659AE7 /* Build configuration list for PBXNativeTarget "itunesSong" */ = {
			isa = XCConfigurationList;
			buildConfigurations = (
				08B15F721F4F0B5000659AE7 /* Debug */,
				08B15F731F4F0B5000659AE7 /* Release */,
			);
			defaultConfigurationIsVisible = 0;
			defaultConfigurationName = Release;
		};
/* End XCConfigurationList section */
	};
	rootObject = 08B15F571F4F0B5000659AE7 /* Project object */;
}
